
Microsoft Visual Studio Solution File, Format Version 12.00
# Visual Studio Version 17
VisualStudioVersion = 17.3.32929.385
MinimumVisualStudioVersion = 10.0.40219.1
Project("{FAE04EC0-301F-11D3-BF4B-00C04F79EFBC}") = "Expense-Overview", "Expense-Overview\Expense-Overview.csproj", "{D9FF315E-8258-4180-A113-82E0543FBBDB}"
EndProject
Global
	GlobalSection(SolutionConfigurationPlatforms) = preSolution
		Debug|Any CPU = Debug|Any CPU
		Release|Any CPU = Release|Any CPU
	EndGlobalSection
	GlobalSection(ProjectConfigurationPlatforms) = postSolution
		{D9FF315E-8258-4180-A113-82E0543FBBDB}.Debug|Any CPU.ActiveCfg = Debug|Any CPU
		{D9FF315E-8258-4180-A113-82E0543FBBDB}.Debug|Any CPU.Build.0 = Debug|Any CPU
		{D9FF315E-8258-4180-A113-82E0543FBBDB}.Release|Any CPU.ActiveCfg = Release|Any CPU
		{D9FF315E-8258-4180-A113-82E0543FBBDB}.Release|Any CPU.Build.0 = Release|Any CPU
	EndGlobalSection
	GlobalSection(SolutionProperties) = preSolution
		HideSolutionNode = FALSE
	EndGlobalSection
	GlobalSection(ExtensibilityGlobals) = postSolution
		SolutionGuid = {FF00EDC2-4699-44C7-ADEB-66353A94C058}
	EndGlobalSection
EndGlobal
